
Microsoft Visual Studio Solution File, Format Version 12.00
# Visual Studio Version 17
VisualStudioVersion = 17.11.35312.102
MinimumVisualStudioVersion = 10.0.40219.1
Project("{FAE04EC0-301F-11D3-BF4B-00C04F79EFBC}") = "GY_Ogrenci_Akademisyen", "GY_Ogrenci_Akademisyen\GY_Ogrenci_Akademisyen.csproj", "{8D69CF17-7E61-4F6D-A0A4-A9A126F118EB}"
EndProject
Global
	GlobalSection(SolutionConfigurationPlatforms) = preSolution
		Debug|Any CPU = Debug|Any CPU
		Release|Any CPU = Release|Any CPU
	EndGlobalSection
	GlobalSection(ProjectConfigurationPlatforms) = postSolution
		{8D69CF17-7E61-4F6D-A0A4-A9A126F118EB}.Debug|Any CPU.ActiveCfg = Debug|Any CPU
		{8D69CF17-7E61-4F6D-A0A4-A9A126F118EB}.Debug|Any CPU.Build.0 = Debug|Any CPU
		{8D69CF17-7E61-4F6D-A0A4-A9A126F118EB}.Release|Any CPU.ActiveCfg = Release|Any CPU
		{8D69CF17-7E61-4F6D-A0A4-A9A126F118EB}.Release|Any CPU.Build.0 = Release|Any CPU
	EndGlobalSection
	GlobalSection(SolutionProperties) = preSolution
		HideSolutionNode = FALSE
	EndGlobalSection
	GlobalSection(ExtensibilityGlobals) = postSolution
		SolutionGuid = {3A44697C-DC00-4173-B864-D700E7F30B62}
	EndGlobalSection
EndGlobal
